{
  "name": "rotate",
  "version": "1.0.0",
  "lockfileVersion": 2,
  "requires": true,
  "packages": {
    "": {
      "name": "rotate",
      "version": "1.0.0",
      "license": "ISC",
      "dependencies": {
        "stream-csv-as-json": "^1.0.4"
      },
      "devDependencies": {
        "@types/node": "^18.16.3",
        "@types/stream-csv-as-json": "^1.0.1",
        "@types/stream-json": "^1.7.3",
        "typescript": "^5.0.4"
      }
    },
    "node_modules/@types/node": {
      "version": "18.16.3",
      "resolved": "https://registry.npmjs.org/@types/node/-/node-18.16.3.tgz",
      "integrity": "sha512-OPs5WnnT1xkCBiuQrZA4+YAV4HEJejmHneyraIaxsbev5yCEr6KMwINNFP9wQeFIw8FWcoTqF3vQsa5CDaI+8Q==",
      "dev": true
    },
    "node_modules/@types/stream-chain": {
      "version": "2.0.1",
      "resolved": "https://registry.npmjs.org/@types/stream-chain/-/stream-chain-2.0.1.tgz",
      "integrity": "sha512-D+Id9XpcBpampptkegH7WMsEk6fUdf9LlCIX7UhLydILsqDin4L0QT7ryJR0oycwC7OqohIzdfcMHVZ34ezNGg==",
      "dev": true,
      "dependencies": {
        "@types/node": "*"
      }
    },
    "node_modules/@types/stream-csv-as-json": {
      "version": "1.0.1",
      "resolved": "https://registry.npmjs.org/@types/stream-csv-as-json/-/stream-csv-as-json-1.0.1.tgz",
      "integrity": "sha512-37WIr51fS9SeE6kgUPEsXtzILVuTtPFoG1apHyUHAbq3D8DkXxsbEE9wZ5UEqGncuWH0ATUP8xaYYq2RaBMYtA==",
      "dev": true,
      "dependencies": {
        "@types/node": "*",
        "@types/stream-chain": "*"
      }
    },
    "node_modules/@types/stream-json": {
      "version": "1.7.3",
      "resolved": "https://registry.npmjs.org/@types/stream-json/-/stream-json-1.7.3.tgz",
      "integrity": "sha512-Jqsyq5VPOTWorvEmzWhEWH5tJnHA+bB8vt/Zzb11vSDj8esfSHDMj2rbVjP0mfJQzl3YBJSXBBq08iiyaBK3KA==",
      "dev": true,
      "dependencies": {
        "@types/node": "*",
        "@types/stream-chain": "*"
      }
    },
    "node_modules/stream-chain": {
      "version": "2.2.5",
      "resolved": "https://registry.npmjs.org/stream-chain/-/stream-chain-2.2.5.tgz",
      "integrity": "sha512-1TJmBx6aSWqZ4tx7aTpBDXK0/e2hhcNSTV8+CbFJtDjbb+I1mZ8lHit0Grw9GRT+6JbIrrDd8esncgBi8aBXGA=="
    },
    "node_modules/stream-csv-as-json": {
      "version": "1.0.4",
      "resolved": "https://registry.npmjs.org/stream-csv-as-json/-/stream-csv-as-json-1.0.4.tgz",
      "integrity": "sha512-6kEUuf7HSj6Bzv8T5/JW+0kRiJvC76qOixJi+6UvP+fYCN0cPoMgXA1RL6tFv041xobaymlmzQ4+DzfoVtBhqQ==",
      "dependencies": {
        "stream-json": "^1.7.1"
      }
    },
    "node_modules/stream-json": {
      "version": "1.7.5",
      "resolved": "https://registry.npmjs.org/stream-json/-/stream-json-1.7.5.tgz",
      "integrity": "sha512-NSkoVduGakxZ8a+pTPUlcGEeAGQpWL9rKJhOFCV+J/QtdQUEU5vtBgVg6eJXn8JB8RZvpbJWZGvXkhz70MLWoA==",
      "dependencies": {
        "stream-chain": "^2.2.5"
      }
    },
    "node_modules/typescript": {
      "version": "5.0.4",
      "resolved": "https://registry.npmjs.org/typescript/-/typescript-5.0.4.tgz",
      "integrity": "sha512-cW9T5W9xY37cc+jfEnaUvX91foxtHkza3Nw3wkoF4sSlKn0MONdkdEndig/qPBWXNkmplh3NzayQzCiHM4/hqw==",
      "dev": true,
      "bin": {
        "tsc": "bin/tsc",
        "tsserver": "bin/tsserver"
      },
      "engines": {
        "node": ">=12.20"
      }
    }
  },
  "dependencies": {
    "@types/node": {
      "version": "18.16.3",
      "resolved": "https://registry.npmjs.org/@types/node/-/node-18.16.3.tgz",
      "integrity": "sha512-OPs5WnnT1xkCBiuQrZA4+YAV4HEJejmHneyraIaxsbev5yCEr6KMwINNFP9wQeFIw8FWcoTqF3vQsa5CDaI+8Q==",
      "dev": true
    },
    "@types/stream-chain": {
      "version": "2.0.1",
      "resolved": "https://registry.npmjs.org/@types/stream-chain/-/stream-chain-2.0.1.tgz",
      "integrity": "sha512-D+Id9XpcBpampptkegH7WMsEk6fUdf9LlCIX7UhLydILsqDin4L0QT7ryJR0oycwC7OqohIzdfcMHVZ34ezNGg==",
      "dev": true,
      "requires": {
        "@types/node": "*"
      }
    },
    "@types/stream-csv-as-json": {
      "version": "1.0.1",
      "resolved": "https://registry.npmjs.org/@types/stream-csv-as-json/-/stream-csv-as-json-1.0.1.tgz",
      "integrity": "sha512-37WIr51fS9SeE6kgUPEsXtzILVuTtPFoG1apHyUHAbq3D8DkXxsbEE9wZ5UEqGncuWH0ATUP8xaYYq2RaBMYtA==",
      "dev": true,
      "requires": {
        "@types/node": "*",
        "@types/stream-chain": "*"
      }
    },
    "@types/stream-json": {
      "version": "1.7.3",
      "resolved": "https://registry.npmjs.org/@types/stream-json/-/stream-json-1.7.3.tgz",
      "integrity": "sha512-Jqsyq5VPOTWorvEmzWhEWH5tJnHA+bB8vt/Zzb11vSDj8esfSHDMj2rbVjP0mfJQzl3YBJSXBBq08iiyaBK3KA==",
      "dev": true,
      "requires": {
        "@types/node": "*",
        "@types/stream-chain": "*"
      }
    },
    "stream-chain": {
      "version": "2.2.5",
      "resolved": "https://registry.npmjs.org/stream-chain/-/stream-chain-2.2.5.tgz",
      "integrity": "sha512-1TJmBx6aSWqZ4tx7aTpBDXK0/e2hhcNSTV8+CbFJtDjbb+I1mZ8lHit0Grw9GRT+6JbIrrDd8esncgBi8aBXGA=="
    },
    "stream-csv-as-json": {
      "version": "1.0.4",
      "resolved": "https://registry.npmjs.org/stream-csv-as-json/-/stream-csv-as-json-1.0.4.tgz",
      "integrity": "sha512-6kEUuf7HSj6Bzv8T5/JW+0kRiJvC76qOixJi+6UvP+fYCN0cPoMgXA1RL6tFv041xobaymlmzQ4+DzfoVtBhqQ==",
      "requires": {
        "stream-json": "^1.7.1"
      }
    },
    "stream-json": {
      "version": "1.7.5",
      "resolved": "https://registry.npmjs.org/stream-json/-/stream-json-1.7.5.tgz",
      "integrity": "sha512-NSkoVduGakxZ8a+pTPUlcGEeAGQpWL9rKJhOFCV+J/QtdQUEU5vtBgVg6eJXn8JB8RZvpbJWZGvXkhz70MLWoA==",
      "requires": {
        "stream-chain": "^2.2.5"
      }
    },
    "typescript": {
      "version": "5.0.4",
      "resolved": "https://registry.npmjs.org/typescript/-/typescript-5.0.4.tgz",
      "integrity": "sha512-cW9T5W9xY37cc+jfEnaUvX91foxtHkza3Nw3wkoF4sSlKn0MONdkdEndig/qPBWXNkmplh3NzayQzCiHM4/hqw==",
      "dev": true
    }
  }
}
